
Microsoft Visual Studio Solution File, Format Version 12.00
# Visual Studio Version 16
VisualStudioVersion = 16.0.30804.86
MinimumVisualStudioVersion = 10.0.40219.1
Project("{2150E333-8FDC-42A3-9474-1A3956D46DE8}") = "PrototypePattern", "PrototypePattern", "{4D1BD766-8A86-4A70-A6B1-5435344F641F}"
EndProject
Project("{9A19103F-16F7-4668-BE54-9A1E7A4F7556}") = "ResumeWithShallowCopy", "PrototypePattern\ResumeWithShallowCopy\ResumeWithShallowCopy.csproj", "{F97E12AC-5FF7-4298-8562-3D9CF588F728}"
EndProject
Project("{9A19103F-16F7-4668-BE54-9A1E7A4F7556}") = "ResumeWithDeepCopy", "PrototypePattern\ResumeWithDeepCopy\ResumeWithDeepCopy.csproj", "{8BE55841-5F2F-415D-B487-E6AA70AD2326}"
EndProject
Project("{2150E333-8FDC-42A3-9474-1A3956D46DE8}") = "TemplateMethodPattern", "TemplateMethodPattern", "{AA9C8A95-3D7A-4B16-84D2-9B8F35BD0F55}"
EndProject
Project("{9A19103F-16F7-4668-BE54-9A1E7A4F7556}") = "CarModel", "TemplateMethodPattern\CarModel\CarModel.csproj", "{08F4BC65-2BCF-41DC-A3A6-833BFDDB1D9E}"
EndProject
Project("{9A19103F-16F7-4668-BE54-9A1E7A4F7556}") = "SchoolTest", "TemplateMethodPattern\SchoolTest\SchoolTest.csproj", "{569A5E62-E3A5-4032-82B0-77069681CDC4}"
EndProject
Project("{9A19103F-16F7-4668-BE54-9A1E7A4F7556}") = "MultipleTemplateMethod", "TemplateMethodPattern\MultipleTemplateMethod\MultipleTemplateMethod.csproj", "{C0F511DF-E8F9-4E7E-B2B8-F3F2D21CF6F3}"
EndProject
Project("{9A19103F-16F7-4668-BE54-9A1E7A4F7556}") = "MultipleTemplateMethod.Tests", "TemplateMethodPattern\MultipleTemplateMethod.Tests\MultipleTemplateMethod.Tests.csproj", "{8393AC5B-2511-4859-B7A3-CCF5C159BE53}"
EndProject
Project("{9A19103F-16F7-4668-BE54-9A1E7A4F7556}") = "Display", "TemplateMethodPattern\Display\Display.csproj", "{2A224A57-DEEB-47F4-A56F-7DFCD3748A4E}"
EndProject
Project("{2150E333-8FDC-42A3-9474-1A3956D46DE8}") = "FacadePattern", "FacadePattern", "{73153A07-3B97-4E84-A3ED-AD57CC4A3F97}"
EndProject
Project("{9A19103F-16F7-4668-BE54-9A1E7A4F7556}") = "BuySellStock", "FacadePattern\BuySellStock\BuySellStock.csproj", "{D0862DE8-FBFB-4F04-B0BD-8318B489D9C9}"
EndProject
Project("{9A19103F-16F7-4668-BE54-9A1E7A4F7556}") = "MailOffice", "FacadePattern\MailOffice\MailOffice.csproj", "{A3D93A5F-2F1B-4600-B091-148232F0F3A9}"
EndProject
Project("{2150E333-8FDC-42A3-9474-1A3956D46DE8}") = "BuilderPattern", "BuilderPattern", "{0BC19E97-AE73-43EF-88A5-763B5EF4879C}"
EndProject
Project("{9A19103F-16F7-4668-BE54-9A1E7A4F7556}") = "DrawPerson", "BuilderPattern\DrawPerson\DrawPerson.csproj", "{B61F9CF0-F04E-4BC0-BDA8-3FF36279DA48}"
EndProject
Project("{9A19103F-16F7-4668-BE54-9A1E7A4F7556}") = "CarModel", "BuilderPattern\CarModel\CarModel.csproj", "{2C5F58BC-F8E1-40D3-9580-EB36FC5D7ABC}"
EndProject
Project("{9A19103F-16F7-4668-BE54-9A1E7A4F7556}") = "BuilderWithAttribute", "BuilderPattern\BuilderWithAttribute\BuilderWithAttribute.csproj", "{EC0E2A81-79C9-4110-ABA6-C167A5FD42C4}"
EndProject
Project("{9A19103F-16F7-4668-BE54-9A1E7A4F7556}") = "Greeting", "BuilderPattern\Greeting\Greeting.csproj", "{8E711FFA-1B5E-4445-9924-54147DD803CF}"
EndProject
Project("{2150E333-8FDC-42A3-9474-1A3956D46DE8}") = "ObserverPattern", "ObserverPattern", "{1EDB31FE-AF2F-4B2F-8D7B-9740023E63F9}"
EndProject
Project("{9A19103F-16F7-4668-BE54-9A1E7A4F7556}") = "StockWithObserver", "ObserverPattern\StockWithObserver\StockWithObserver.csproj", "{77149951-A7FD-46CC-9CFF-9F60B6019B57}"
EndProject
Project("{9A19103F-16F7-4668-BE54-9A1E7A4F7556}") = "StockWithDelegate", "ObserverPattern\StockWithDelegate\StockWithDelegate.csproj", "{57B4670A-E528-46DF-8E09-9FB3F1AED8B2}"
EndProject
Project("{9A19103F-16F7-4668-BE54-9A1E7A4F7556}") = "RoyalSpy", "ObserverPattern\RoyalSpy\RoyalSpy.csproj", "{0F768F6B-314C-475F-A1BB-A172C31AD32D}"
EndProject
Project("{9A19103F-16F7-4668-BE54-9A1E7A4F7556}") = "NumberDisplay", "ObserverPattern\NumberDisplay\NumberDisplay.csproj", "{BC227325-8D28-4FC0-8F4D-325A37C797E7}"
EndProject
Project("{2150E333-8FDC-42A3-9474-1A3956D46DE8}") = "AbstractFactoryPattern", "AbstractFactoryPattern", "{93B76BBE-7096-44AF-9054-5CFE80FDC6DE}"
EndProject
Project("{9A19103F-16F7-4668-BE54-9A1E7A4F7556}") = "DBConnect", "AbstractFactoryPattern\DBConnect\DBConnect.csproj", "{821147B3-748F-4705-8F4C-3B4C6FD96943}"
EndProject
Project("{9A19103F-16F7-4668-BE54-9A1E7A4F7556}") = "DbConnectWithSimpleFactoryReflection", "AbstractFactoryPattern\DbConnectWithSimpleFactoryReflection\DbConnectWithSimpleFactoryReflection.csproj", "{BE705982-FBE8-4552-AB02-CCC7FFA45289}"
EndProject
Project("{9A19103F-16F7-4668-BE54-9A1E7A4F7556}") = "HumanBuilder", "AbstractFactoryPattern\HumanBuilder\HumanBuilder.csproj", "{30688B49-518C-42C7-9FDC-11D754E16A45}"
EndProject
Project("{9A19103F-16F7-4668-BE54-9A1E7A4F7556}") = "AbstractFactoryWithTypeMapper", "AbstractFactoryPattern\AbstractFactoryWithTypeMapper\AbstractFactoryWithTypeMapper.csproj", "{878C4CDC-3EF6-4B1B-9593-704E74F0390D}"
EndProject
Project("{9A19103F-16F7-4668-BE54-9A1E7A4F7556}") = "AbstractFactoryWithTypeMapper.Tests", "AbstractFactoryPattern\AbstractFactoryWithTypeMapper.Tests\AbstractFactoryWithTypeMapper.Tests.csproj", "{810DE14D-FD43-46CE-82DF-D193E97007A2}"
EndProject
Project("{9A19103F-16F7-4668-BE54-9A1E7A4F7556}") = "AbstractFactoryWithAssemblerMechanism", "AbstractFactoryPattern\AbstractFactoryWithAssemblerMechanism\AbstractFactoryWithAssemblerMechanism.csproj", "{56025097-C866-4FAC-AE1B-318D237B677E}"
EndProject
Project("{9A19103F-16F7-4668-BE54-9A1E7A4F7556}") = "AbstractFactoryWithAssemblerMechanism.Tests", "AbstractFactoryPattern\AbstractFactoryWithAssemblerMechanism.Tests\AbstractFactoryWithAssemblerMechanism.Tests.csproj", "{24C8B86A-7CD2-49F8-B080-E70DB8FA64DC}"
EndProject
Project("{9A19103F-16F7-4668-BE54-9A1E7A4F7556}") = "AbstractFactoryWithDelegate", "AbstractFactoryPattern\AbstractFactoryWithDelegate\AbstractFactoryWithDelegate.csproj", "{9F60B46A-E8DA-417B-AC5D-867B93FE015B}"
EndProject
Project("{9A19103F-16F7-4668-BE54-9A1E7A4F7556}") = "AbstractFactoryWithDelegate.Tests", "AbstractFactoryPattern\AbstractFactoryWithDelegate.Tests\AbstractFactoryWithDelegate.Tests.csproj", "{70C00749-C141-4828-AA97-F67B1A9AEE29}"
EndProject
Project("{9A19103F-16F7-4668-BE54-9A1E7A4F7556}") = "HtmlItems", "AbstractFactoryPattern\HtmlItems\HtmlItems.csproj", "{17C8D08F-5068-42F5-968F-F37DD5002B3C}"
EndProject
Project("{2150E333-8FDC-42A3-9474-1A3956D46DE8}") = "StatePattern", "StatePattern", "{5F383316-BD56-48A7-83EB-41F1E302A9FC}"
EndProject
Project("{9A19103F-16F7-4668-BE54-9A1E7A4F7556}") = "MyWork", "StatePattern\MyWork\MyWork.csproj", "{A5FBFA0D-6C54-4B95-96A4-41ECB79CBC67}"
EndProject
Project("{9A19103F-16F7-4668-BE54-9A1E7A4F7556}") = "MyLift", "StatePattern\MyLift\MyLift.csproj", "{EAB4F33F-3CAA-4F06-AA7E-636FF6DC6004}"
EndProject
Project("{9A19103F-16F7-4668-BE54-9A1E7A4F7556}") = "AlarmSystem", "StatePattern\AlarmSystem\AlarmSystem.csproj", "{8F1E8D02-76D4-4E54-8498-91B496E38C2C}"
EndProject
Project("{2150E333-8FDC-42A3-9474-1A3956D46DE8}") = "AdapterPattern", "AdapterPattern", "{CF084B37-82C4-45A4-9CDB-79E84B70E219}"
EndProject
Project("{9A19103F-16F7-4668-BE54-9A1E7A4F7556}") = "PlayerTranslator", "AdapterPattern\PlayerTranslator\PlayerTranslator.csproj", "{4CB3E81B-3EB2-41DB-A7CA-3545F2A9F050}"
EndProject
Project("{2150E333-8FDC-42A3-9474-1A3956D46DE8}") = "MementoPattern", "MementoPattern", "{2EF61449-0F30-44E0-8661-CD429532B737}"
EndProject
Project("{9A19103F-16F7-4668-BE54-9A1E7A4F7556}") = "GamePlayer", "MementoPattern\GamePlayer\GamePlayer.csproj", "{85A0942D-80D4-4DFB-8493-90FE7A79A278}"
EndProject
Project("{2150E333-8FDC-42A3-9474-1A3956D46DE8}") = "CompositePattern", "CompositePattern", "{EB27C769-9A5A-4D74-A7E6-5832A1819AF8}"
EndProject
Project("{9A19103F-16F7-4668-BE54-9A1E7A4F7556}") = "CompanyHierarchy", "CompositePattern\CompanyHierarchy\CompanyHierarchy.csproj", "{61879F12-9076-4463-9948-867FA7FB8C03}"
EndProject
Project("{2150E333-8FDC-42A3-9474-1A3956D46DE8}") = "IteratorPattern", "IteratorPattern", "{8A3AEE63-D3FA-4A3D-AE84-E8F113966839}"
EndProject
Project("{9A19103F-16F7-4668-BE54-9A1E7A4F7556}") = "BuyTicket", "IteratorPattern\BuyTicket\BuyTicket.csproj", "{6D25F384-697B-42D6-BD80-AC31994D0984}"
EndProject
Project("{2150E333-8FDC-42A3-9474-1A3956D46DE8}") = "SingletonPattern", "SingletonPattern", "{7F583D56-9065-440F-A490-7221EDDF11DB}"
EndProject
Project("{9A19103F-16F7-4668-BE54-9A1E7A4F7556}") = "MyToolbox", "SingletonPattern\MyToolbox\MyToolbox.csproj", "{F1DD87BF-E1DC-4037-93DE-9AF93B27A204}"
EndProject
Project("{2150E333-8FDC-42A3-9474-1A3956D46DE8}") = "BridgePattern", "BridgePattern", "{FCD7999F-9221-4BFE-8FDB-9147CAAADC9E}"
EndProject
Project("{9A19103F-16F7-4668-BE54-9A1E7A4F7556}") = "Phone", "BridgePattern\Phone\Phone.csproj", "{B763FD02-D576-4E0B-A67D-10E4FA560C02}"
EndProject
Project("{2150E333-8FDC-42A3-9474-1A3956D46DE8}") = "CommandPattern", "CommandPattern", "{23BC5AB0-35AB-452B-80BF-6DB17A7442D7}"
EndProject
Project("{9A19103F-16F7-4668-BE54-9A1E7A4F7556}") = "Barbecue", "CommandPattern\Barbecue\Barbecue.csproj", "{0A12FC25-A500-4B4A-9E6E-14E475FA73BC}"
EndProject
Project("{2150E333-8FDC-42A3-9474-1A3956D46DE8}") = "ChainOfResponsibilityPattern", "ChainOfResponsibilityPattern", "{979AECE0-57E2-47DD-AD83-2CD578E97E1E}"
EndProject
Project("{9A19103F-16F7-4668-BE54-9A1E7A4F7556}") = "MyCorp", "ChainOfResponsibilityPattern\MyCorp\MyCorp.csproj", "{D60C3B11-1345-41B3-A0C5-BE1ACEDBAA66}"
EndProject
Project("{2150E333-8FDC-42A3-9474-1A3956D46DE8}") = "MediatorPattern", "MediatorPattern", "{680C7E1D-FA04-4788-9551-C0AE3011E8D6}"
EndProject
Project("{9A19103F-16F7-4668-BE54-9A1E7A4F7556}") = "UNAndCountries", "MediatorPattern\UNAndCountries\UNAndCountries.csproj", "{F0FAE094-5212-45D1-81DD-525ADF4AE980}"
EndProject
Project("{2150E333-8FDC-42A3-9474-1A3956D46DE8}") = "FlyweightPattern", "FlyweightPattern", "{76F39FFA-F5E2-480A-938A-CC69BA456BB1}"
EndProject
Project("{9A19103F-16F7-4668-BE54-9A1E7A4F7556}") = "MyWebSite", "FlyweightPattern\MyWebSite\MyWebSite.csproj", "{9EA9B67F-A99E-4F22-B3D7-E560F34E9CF6}"
EndProject
Project("{2150E333-8FDC-42A3-9474-1A3956D46DE8}") = "InterpreterPattern", "InterpreterPattern", "{266D6D16-C307-41E0-BC37-ED2F9C4A8F84}"
EndProject
Project("{9A19103F-16F7-4668-BE54-9A1E7A4F7556}") = "MusicPlayer", "InterpreterPattern\MusicPlayer\MusicPlayer.csproj", "{8B33C3FD-71A8-43CC-ABFC-88F9753219A2}"
EndProject
Project("{2150E333-8FDC-42A3-9474-1A3956D46DE8}") = "VisitorPattern", "VisitorPattern", "{322E3A0D-4DD4-436E-A202-3CFC1E2FBC96}"
EndProject
Project("{9A19103F-16F7-4668-BE54-9A1E7A4F7556}") = "ManAndWoman", "VisitorPattern\ManAndWoman\ManAndWoman.csproj", "{9DBCA350-4AC6-4BA8-A6A3-8D4DAD72305D}"
EndProject
Project("{9A19103F-16F7-4668-BE54-9A1E7A4F7556}") = "ERP", "AdapterPattern\ERP\ERP.csproj", "{8DE9EE2F-4B0B-4EDF-8CDB-F424D9D31EA2}"
EndProject
Project("{9A19103F-16F7-4668-BE54-9A1E7A4F7556}") = "DbAdapterWithFactory", "AdapterPattern\DbAdapterWithFactory\DbAdapterWithFactory.csproj", "{417F0342-1E7F-429B-9500-F34AA8D2BBB5}"
EndProject
Project("{9A19103F-16F7-4668-BE54-9A1E7A4F7556}") = "DbAdapterWithFactory.Tests", "AdapterPattern\DbAdapterWithFactory.Tests\DbAdapterWithFactory.Tests.csproj", "{06D611BD-A584-476E-9C29-87D2F325D790}"
EndProject
Project("{9A19103F-16F7-4668-BE54-9A1E7A4F7556}") = "BannerByClassAdapter", "AdapterPattern\BannerByClassAdapter\BannerByClassAdapter.csproj", "{517424E0-71F8-4825-8B82-00140A89739E}"
EndProject
Project("{9A19103F-16F7-4668-BE54-9A1E7A4F7556}") = "BannerByObjectAdapter", "..\AdapterPattern\BannerByObjectAdapter\BannerByObjectAdapter.csproj", "{BAF7AA04-1CDA-4042-97D9-FF2AEF5313A8}"
EndProject
Project("{9A19103F-16F7-4668-BE54-9A1E7A4F7556}") = "BoyHitOnGirl", "MementoPattern\BoyHitOnGirl\BoyHitOnGirl.csproj", "{C41AD890-E3F2-49A9-B35F-16B415C7F38E}"
EndProject
Global
	GlobalSection(SolutionConfigurationPlatforms) = preSolution
		Debug|Any CPU = Debug|Any CPU
		Release|Any CPU = Release|Any CPU
	EndGlobalSection
	GlobalSection(ProjectConfigurationPlatforms) = postSolution
		{F97E12AC-5FF7-4298-8562-3D9CF588F728}.Debug|Any CPU.ActiveCfg = Debug|Any CPU
		{F97E12AC-5FF7-4298-8562-3D9CF588F728}.Debug|Any CPU.Build.0 = Debug|Any CPU
		{F97E12AC-5FF7-4298-8562-3D9CF588F728}.Release|Any CPU.ActiveCfg = Release|Any CPU
		{F97E12AC-5FF7-4298-8562-3D9CF588F728}.Release|Any CPU.Build.0 = Release|Any CPU
		{8BE55841-5F2F-415D-B487-E6AA70AD2326}.Debug|Any CPU.ActiveCfg = Debug|Any CPU
		{8BE55841-5F2F-415D-B487-E6AA70AD2326}.Debug|Any CPU.Build.0 = Debug|Any CPU
		{8BE55841-5F2F-415D-B487-E6AA70AD2326}.Release|Any CPU.ActiveCfg = Release|Any CPU
		{8BE55841-5F2F-415D-B487-E6AA70AD2326}.Release|Any CPU.Build.0 = Release|Any CPU
		{08F4BC65-2BCF-41DC-A3A6-833BFDDB1D9E}.Debug|Any CPU.ActiveCfg = Debug|Any CPU
		{08F4BC65-2BCF-41DC-A3A6-833BFDDB1D9E}.Debug|Any CPU.Build.0 = Debug|Any CPU
		{08F4BC65-2BCF-41DC-A3A6-833BFDDB1D9E}.Release|Any CPU.ActiveCfg = Release|Any CPU
		{08F4BC65-2BCF-41DC-A3A6-833BFDDB1D9E}.Release|Any CPU.Build.0 = Release|Any CPU
		{569A5E62-E3A5-4032-82B0-77069681CDC4}.Debug|Any CPU.ActiveCfg = Debug|Any CPU
		{569A5E62-E3A5-4032-82B0-77069681CDC4}.Debug|Any CPU.Build.0 = Debug|Any CPU
		{569A5E62-E3A5-4032-82B0-77069681CDC4}.Release|Any CPU.ActiveCfg = Release|Any CPU
		{569A5E62-E3A5-4032-82B0-77069681CDC4}.Release|Any CPU.Build.0 = Release|Any CPU
		{C0F511DF-E8F9-4E7E-B2B8-F3F2D21CF6F3}.Debug|Any CPU.ActiveCfg = Debug|Any CPU
		{C0F511DF-E8F9-4E7E-B2B8-F3F2D21CF6F3}.Debug|Any CPU.Build.0 = Debug|Any CPU
		{C0F511DF-E8F9-4E7E-B2B8-F3F2D21CF6F3}.Release|Any CPU.ActiveCfg = Release|Any CPU
		{C0F511DF-E8F9-4E7E-B2B8-F3F2D21CF6F3}.Release|Any CPU.Build.0 = Release|Any CPU
		{8393AC5B-2511-4859-B7A3-CCF5C159BE53}.Debug|Any CPU.ActiveCfg = Debug|Any CPU
		{8393AC5B-2511-4859-B7A3-CCF5C159BE53}.Debug|Any CPU.Build.0 = Debug|Any CPU
		{8393AC5B-2511-4859-B7A3-CCF5C159BE53}.Release|Any CPU.ActiveCfg = Release|Any CPU
		{8393AC5B-2511-4859-B7A3-CCF5C159BE53}.Release|Any CPU.Build.0 = Release|Any CPU
		{2A224A57-DEEB-47F4-A56F-7DFCD3748A4E}.Debug|Any CPU.ActiveCfg = Debug|Any CPU
		{2A224A57-DEEB-47F4-A56F-7DFCD3748A4E}.Debug|Any CPU.Build.0 = Debug|Any CPU
		{2A224A57-DEEB-47F4-A56F-7DFCD3748A4E}.Release|Any CPU.ActiveCfg = Release|Any CPU
		{2A224A57-DEEB-47F4-A56F-7DFCD3748A4E}.Release|Any CPU.Build.0 = Release|Any CPU
		{D0862DE8-FBFB-4F04-B0BD-8318B489D9C9}.Debug|Any CPU.ActiveCfg = Debug|Any CPU
		{D0862DE8-FBFB-4F04-B0BD-8318B489D9C9}.Debug|Any CPU.Build.0 = Debug|Any CPU
		{D0862DE8-FBFB-4F04-B0BD-8318B489D9C9}.Release|Any CPU.ActiveCfg = Release|Any CPU
		{D0862DE8-FBFB-4F04-B0BD-8318B489D9C9}.Release|Any CPU.Build.0 = Release|Any CPU
		{A3D93A5F-2F1B-4600-B091-148232F0F3A9}.Debug|Any CPU.ActiveCfg = Debug|Any CPU
		{A3D93A5F-2F1B-4600-B091-148232F0F3A9}.Debug|Any CPU.Build.0 = Debug|Any CPU
		{A3D93A5F-2F1B-4600-B091-148232F0F3A9}.Release|Any CPU.ActiveCfg = Release|Any CPU
		{A3D93A5F-2F1B-4600-B091-148232F0F3A9}.Release|Any CPU.Build.0 = Release|Any CPU
		{B61F9CF0-F04E-4BC0-BDA8-3FF36279DA48}.Debug|Any CPU.ActiveCfg = Debug|Any CPU
		{B61F9CF0-F04E-4BC0-BDA8-3FF36279DA48}.Debug|Any CPU.Build.0 = Debug|Any CPU
		{B61F9CF0-F04E-4BC0-BDA8-3FF36279DA48}.Release|Any CPU.ActiveCfg = Release|Any CPU
		{B61F9CF0-F04E-4BC0-BDA8-3FF36279DA48}.Release|Any CPU.Build.0 = Release|Any CPU
		{2C5F58BC-F8E1-40D3-9580-EB36FC5D7ABC}.Debug|Any CPU.ActiveCfg = Debug|Any CPU
		{2C5F58BC-F8E1-40D3-9580-EB36FC5D7ABC}.Debug|Any CPU.Build.0 = Debug|Any CPU
		{2C5F58BC-F8E1-40D3-9580-EB36FC5D7ABC}.Release|Any CPU.ActiveCfg = Release|Any CPU
		{2C5F58BC-F8E1-40D3-9580-EB36FC5D7ABC}.Release|Any CPU.Build.0 = Release|Any CPU
		{EC0E2A81-79C9-4110-ABA6-C167A5FD42C4}.Debug|Any CPU.ActiveCfg = Debug|Any CPU
		{EC0E2A81-79C9-4110-ABA6-C167A5FD42C4}.Debug|Any CPU.Build.0 = Debug|Any CPU
		{EC0E2A81-79C9-4110-ABA6-C167A5FD42C4}.Release|Any CPU.ActiveCfg = Release|Any CPU
		{EC0E2A81-79C9-4110-ABA6-C167A5FD42C4}.Release|Any CPU.Build.0 = Release|Any CPU
		{8E711FFA-1B5E-4445-9924-54147DD803CF}.Debug|Any CPU.ActiveCfg = Debug|Any CPU
		{8E711FFA-1B5E-4445-9924-54147DD803CF}.Debug|Any CPU.Build.0 = Debug|Any CPU
		{8E711FFA-1B5E-4445-9924-54147DD803CF}.Release|Any CPU.ActiveCfg = Release|Any CPU
		{8E711FFA-1B5E-4445-9924-54147DD803CF}.Release|Any CPU.Build.0 = Release|Any CPU
		{77149951-A7FD-46CC-9CFF-9F60B6019B57}.Debug|Any CPU.ActiveCfg = Debug|Any CPU
		{77149951-A7FD-46CC-9CFF-9F60B6019B57}.Debug|Any CPU.Build.0 = Debug|Any CPU
		{77149951-A7FD-46CC-9CFF-9F60B6019B57}.Release|Any CPU.ActiveCfg = Release|Any CPU
		{77149951-A7FD-46CC-9CFF-9F60B6019B57}.Release|Any CPU.Build.0 = Release|Any CPU
		{57B4670A-E528-46DF-8E09-9FB3F1AED8B2}.Debug|Any CPU.ActiveCfg = Debug|Any CPU
		{57B4670A-E528-46DF-8E09-9FB3F1AED8B2}.Debug|Any CPU.Build.0 = Debug|Any CPU
		{57B4670A-E528-46DF-8E09-9FB3F1AED8B2}.Release|Any CPU.ActiveCfg = Release|Any CPU
		{57B4670A-E528-46DF-8E09-9FB3F1AED8B2}.Release|Any CPU.Build.0 = Release|Any CPU
		{0F768F6B-314C-475F-A1BB-A172C31AD32D}.Debug|Any CPU.ActiveCfg = Debug|Any CPU
		{0F768F6B-314C-475F-A1BB-A172C31AD32D}.Debug|Any CPU.Build.0 = Debug|Any CPU
		{0F768F6B-314C-475F-A1BB-A172C31AD32D}.Release|Any CPU.ActiveCfg = Release|Any CPU
		{0F768F6B-314C-475F-A1BB-A172C31AD32D}.Release|Any CPU.Build.0 = Release|Any CPU
		{BC227325-8D28-4FC0-8F4D-325A37C797E7}.Debug|Any CPU.ActiveCfg = Debug|Any CPU
		{BC227325-8D28-4FC0-8F4D-325A37C797E7}.Debug|Any CPU.Build.0 = Debug|Any CPU
		{BC227325-8D28-4FC0-8F4D-325A37C797E7}.Release|Any CPU.ActiveCfg = Release|Any CPU
		{BC227325-8D28-4FC0-8F4D-325A37C797E7}.Release|Any CPU.Build.0 = Release|Any CPU
		{821147B3-748F-4705-8F4C-3B4C6FD96943}.Debug|Any CPU.ActiveCfg = Debug|Any CPU
		{821147B3-748F-4705-8F4C-3B4C6FD96943}.Debug|Any CPU.Build.0 = Debug|Any CPU
		{821147B3-748F-4705-8F4C-3B4C6FD96943}.Release|Any CPU.ActiveCfg = Release|Any CPU
		{821147B3-748F-4705-8F4C-3B4C6FD96943}.Release|Any CPU.Build.0 = Release|Any CPU
		{BE705982-FBE8-4552-AB02-CCC7FFA45289}.Debug|Any CPU.ActiveCfg = Debug|Any CPU
		{BE705982-FBE8-4552-AB02-CCC7FFA45289}.Debug|Any CPU.Build.0 = Debug|Any CPU
		{BE705982-FBE8-4552-AB02-CCC7FFA45289}.Release|Any CPU.ActiveCfg = Release|Any CPU
		{BE705982-FBE8-4552-AB02-CCC7FFA45289}.Release|Any CPU.Build.0 = Release|Any CPU
		{30688B49-518C-42C7-9FDC-11D754E16A45}.Debug|Any CPU.ActiveCfg = Debug|Any CPU
		{30688B49-518C-42C7-9FDC-11D754E16A45}.Debug|Any CPU.Build.0 = Debug|Any CPU
		{30688B49-518C-42C7-9FDC-11D754E16A45}.Release|Any CPU.ActiveCfg = Release|Any CPU
		{30688B49-518C-42C7-9FDC-11D754E16A45}.Release|Any CPU.Build.0 = Release|Any CPU
		{878C4CDC-3EF6-4B1B-9593-704E74F0390D}.Debug|Any CPU.ActiveCfg = Debug|Any CPU
		{878C4CDC-3EF6-4B1B-9593-704E74F0390D}.Debug|Any CPU.Build.0 = Debug|Any CPU
		{878C4CDC-3EF6-4B1B-9593-704E74F0390D}.Release|Any CPU.ActiveCfg = Release|Any CPU
		{878C4CDC-3EF6-4B1B-9593-704E74F0390D}.Release|Any CPU.Build.0 = Release|Any CPU
		{810DE14D-FD43-46CE-82DF-D193E97007A2}.Debug|Any CPU.ActiveCfg = Debug|Any CPU
		{810DE14D-FD43-46CE-82DF-D193E97007A2}.Debug|Any CPU.Build.0 = Debug|Any CPU
		{810DE14D-FD43-46CE-82DF-D193E97007A2}.Release|Any CPU.ActiveCfg = Release|Any CPU
		{810DE14D-FD43-46CE-82DF-D193E97007A2}.Release|Any CPU.Build.0 = Release|Any CPU
		{56025097-C866-4FAC-AE1B-318D237B677E}.Debug|Any CPU.ActiveCfg = Debug|Any CPU
		{56025097-C866-4FAC-AE1B-318D237B677E}.Debug|Any CPU.Build.0 = Debug|Any CPU
		{56025097-C866-4FAC-AE1B-318D237B677E}.Release|Any CPU.ActiveCfg = Release|Any CPU
		{56025097-C866-4FAC-AE1B-318D237B677E}.Release|Any CPU.Build.0 = Release|Any CPU
		{24C8B86A-7CD2-49F8-B080-E70DB8FA64DC}.Debug|Any CPU.ActiveCfg = Debug|Any CPU
		{24C8B86A-7CD2-49F8-B080-E70DB8FA64DC}.Debug|Any CPU.Build.0 = Debug|Any CPU
		{24C8B86A-7CD2-49F8-B080-E70DB8FA64DC}.Release|Any CPU.ActiveCfg = Release|Any CPU
		{24C8B86A-7CD2-49F8-B080-E70DB8FA64DC}.Release|Any CPU.Build.0 = Release|Any CPU
		{9F60B46A-E8DA-417B-AC5D-867B93FE015B}.Debug|Any CPU.ActiveCfg = Debug|Any CPU
		{9F60B46A-E8DA-417B-AC5D-867B93FE015B}.Debug|Any CPU.Build.0 = Debug|Any CPU
		{9F60B46A-E8DA-417B-AC5D-867B93FE015B}.Release|Any CPU.ActiveCfg = Release|Any CPU
		{9F60B46A-E8DA-417B-AC5D-867B93FE015B}.Release|Any CPU.Build.0 = Release|Any CPU
		{70C00749-C141-4828-AA97-F67B1A9AEE29}.Debug|Any CPU.ActiveCfg = Debug|Any CPU
		{70C00749-C141-4828-AA97-F67B1A9AEE29}.Debug|Any CPU.Build.0 = Debug|Any CPU
		{70C00749-C141-4828-AA97-F67B1A9AEE29}.Release|Any CPU.ActiveCfg = Release|Any CPU
		{70C00749-C141-4828-AA97-F67B1A9AEE29}.Release|Any CPU.Build.0 = Release|Any CPU
		{17C8D08F-5068-42F5-968F-F37DD5002B3C}.Debug|Any CPU.ActiveCfg = Debug|Any CPU
		{17C8D08F-5068-42F5-968F-F37DD5002B3C}.Debug|Any CPU.Build.0 = Debug|Any CPU
		{17C8D08F-5068-42F5-968F-F37DD5002B3C}.Release|Any CPU.ActiveCfg = Release|Any CPU
		{17C8D08F-5068-42F5-968F-F37DD5002B3C}.Release|Any CPU.Build.0 = Release|Any CPU
		{A5FBFA0D-6C54-4B95-96A4-41ECB79CBC67}.Debug|Any CPU.ActiveCfg = Debug|Any CPU
		{A5FBFA0D-6C54-4B95-96A4-41ECB79CBC67}.Debug|Any CPU.Build.0 = Debug|Any CPU
		{A5FBFA0D-6C54-4B95-96A4-41ECB79CBC67}.Release|Any CPU.ActiveCfg = Release|Any CPU
		{A5FBFA0D-6C54-4B95-96A4-41ECB79CBC67}.Release|Any CPU.Build.0 = Release|Any CPU
		{EAB4F33F-3CAA-4F06-AA7E-636FF6DC6004}.Debug|Any CPU.ActiveCfg = Debug|Any CPU
		{EAB4F33F-3CAA-4F06-AA7E-636FF6DC6004}.Debug|Any CPU.Build.0 = Debug|Any CPU
		{EAB4F33F-3CAA-4F06-AA7E-636FF6DC6004}.Release|Any CPU.ActiveCfg = Release|Any CPU
		{EAB4F33F-3CAA-4F06-AA7E-636FF6DC6004}.Release|Any CPU.Build.0 = Release|Any CPU
		{8F1E8D02-76D4-4E54-8498-91B496E38C2C}.Debug|Any CPU.ActiveCfg = Debug|Any CPU
		{8F1E8D02-76D4-4E54-8498-91B496E38C2C}.Debug|Any CPU.Build.0 = Debug|Any CPU
		{8F1E8D02-76D4-4E54-8498-91B496E38C2C}.Release|Any CPU.ActiveCfg = Release|Any CPU
		{8F1E8D02-76D4-4E54-8498-91B496E38C2C}.Release|Any CPU.Build.0 = Release|Any CPU
		{4CB3E81B-3EB2-41DB-A7CA-3545F2A9F050}.Debug|Any CPU.ActiveCfg = Debug|Any CPU
		{4CB3E81B-3EB2-41DB-A7CA-3545F2A9F050}.Debug|Any CPU.Build.0 = Debug|Any CPU
		{4CB3E81B-3EB2-41DB-A7CA-3545F2A9F050}.Release|Any CPU.ActiveCfg = Release|Any CPU
		{4CB3E81B-3EB2-41DB-A7CA-3545F2A9F050}.Release|Any CPU.Build.0 = Release|Any CPU
		{85A0942D-80D4-4DFB-8493-90FE7A79A278}.Debug|Any CPU.ActiveCfg = Debug|Any CPU
		{85A0942D-80D4-4DFB-8493-90FE7A79A278}.Debug|Any CPU.Build.0 = Debug|Any CPU
		{85A0942D-80D4-4DFB-8493-90FE7A79A278}.Release|Any CPU.ActiveCfg = Release|Any CPU
		{85A0942D-80D4-4DFB-8493-90FE7A79A278}.Release|Any CPU.Build.0 = Release|Any CPU
		{61879F12-9076-4463-9948-867FA7FB8C03}.Debug|Any CPU.ActiveCfg = Debug|Any CPU
		{61879F12-9076-4463-9948-867FA7FB8C03}.Debug|Any CPU.Build.0 = Debug|Any CPU
		{61879F12-9076-4463-9948-867FA7FB8C03}.Release|Any CPU.ActiveCfg = Release|Any CPU
		{61879F12-9076-4463-9948-867FA7FB8C03}.Release|Any CPU.Build.0 = Release|Any CPU
		{6D25F384-697B-42D6-BD80-AC31994D0984}.Debug|Any CPU.ActiveCfg = Debug|Any CPU
		{6D25F384-697B-42D6-BD80-AC31994D0984}.Debug|Any CPU.Build.0 = Debug|Any CPU
		{6D25F384-697B-42D6-BD80-AC31994D0984}.Release|Any CPU.ActiveCfg = Release|Any CPU
		{6D25F384-697B-42D6-BD80-AC31994D0984}.Release|Any CPU.Build.0 = Release|Any CPU
		{F1DD87BF-E1DC-4037-93DE-9AF93B27A204}.Debug|Any CPU.ActiveCfg = Debug|Any CPU
		{F1DD87BF-E1DC-4037-93DE-9AF93B27A204}.Debug|Any CPU.Build.0 = Debug|Any CPU
		{F1DD87BF-E1DC-4037-93DE-9AF93B27A204}.Release|Any CPU.ActiveCfg = Release|Any CPU
		{F1DD87BF-E1DC-4037-93DE-9AF93B27A204}.Release|Any CPU.Build.0 = Release|Any CPU
		{B763FD02-D576-4E0B-A67D-10E4FA560C02}.Debug|Any CPU.ActiveCfg = Debug|Any CPU
		{B763FD02-D576-4E0B-A67D-10E4FA560C02}.Debug|Any CPU.Build.0 = Debug|Any CPU
		{B763FD02-D576-4E0B-A67D-10E4FA560C02}.Release|Any CPU.ActiveCfg = Release|Any CPU
		{B763FD02-D576-4E0B-A67D-10E4FA560C02}.Release|Any CPU.Build.0 = Release|Any CPU
		{0A12FC25-A500-4B4A-9E6E-14E475FA73BC}.Debug|Any CPU.ActiveCfg = Debug|Any CPU
		{0A12FC25-A500-4B4A-9E6E-14E475FA73BC}.Debug|Any CPU.Build.0 = Debug|Any CPU
		{0A12FC25-A500-4B4A-9E6E-14E475FA73BC}.Release|Any CPU.ActiveCfg = Release|Any CPU
		{0A12FC25-A500-4B4A-9E6E-14E475FA73BC}.Release|Any CPU.Build.0 = Release|Any CPU
		{D60C3B11-1345-41B3-A0C5-BE1ACEDBAA66}.Debug|Any CPU.ActiveCfg = Debug|Any CPU
		{D60C3B11-1345-41B3-A0C5-BE1ACEDBAA66}.Debug|Any CPU.Build.0 = Debug|Any CPU
		{D60C3B11-1345-41B3-A0C5-BE1ACEDBAA66}.Release|Any CPU.ActiveCfg = Release|Any CPU
		{D60C3B11-1345-41B3-A0C5-BE1ACEDBAA66}.Release|Any CPU.Build.0 = Release|Any CPU
		{F0FAE094-5212-45D1-81DD-525ADF4AE980}.Debug|Any CPU.ActiveCfg = Debug|Any CPU
		{F0FAE094-5212-45D1-81DD-525ADF4AE980}.Debug|Any CPU.Build.0 = Debug|Any CPU
		{F0FAE094-5212-45D1-81DD-525ADF4AE980}.Release|Any CPU.ActiveCfg = Release|Any CPU
		{F0FAE094-5212-45D1-81DD-525ADF4AE980}.Release|Any CPU.Build.0 = Release|Any CPU
		{9EA9B67F-A99E-4F22-B3D7-E560F34E9CF6}.Debug|Any CPU.ActiveCfg = Debug|Any CPU
		{9EA9B67F-A99E-4F22-B3D7-E560F34E9CF6}.Debug|Any CPU.Build.0 = Debug|Any CPU
		{9EA9B67F-A99E-4F22-B3D7-E560F34E9CF6}.Release|Any CPU.ActiveCfg = Release|Any CPU
		{9EA9B67F-A99E-4F22-B3D7-E560F34E9CF6}.Release|Any CPU.Build.0 = Release|Any CPU
		{8B33C3FD-71A8-43CC-ABFC-88F9753219A2}.Debug|Any CPU.ActiveCfg = Debug|Any CPU
		{8B33C3FD-71A8-43CC-ABFC-88F9753219A2}.Debug|Any CPU.Build.0 = Debug|Any CPU
		{8B33C3FD-71A8-43CC-ABFC-88F9753219A2}.Release|Any CPU.ActiveCfg = Release|Any CPU
		{8B33C3FD-71A8-43CC-ABFC-88F9753219A2}.Release|Any CPU.Build.0 = Release|Any CPU
		{9DBCA350-4AC6-4BA8-A6A3-8D4DAD72305D}.Debug|Any CPU.ActiveCfg = Debug|Any CPU
		{9DBCA350-4AC6-4BA8-A6A3-8D4DAD72305D}.Debug|Any CPU.Build.0 = Debug|Any CPU
		{9DBCA350-4AC6-4BA8-A6A3-8D4DAD72305D}.Release|Any CPU.ActiveCfg = Release|Any CPU
		{9DBCA350-4AC6-4BA8-A6A3-8D4DAD72305D}.Release|Any CPU.Build.0 = Release|Any CPU
		{8DE9EE2F-4B0B-4EDF-8CDB-F424D9D31EA2}.Debug|Any CPU.ActiveCfg = Debug|Any CPU
		{8DE9EE2F-4B0B-4EDF-8CDB-F424D9D31EA2}.Debug|Any CPU.Build.0 = Debug|Any CPU
		{8DE9EE2F-4B0B-4EDF-8CDB-F424D9D31EA2}.Release|Any CPU.ActiveCfg = Release|Any CPU
		{8DE9EE2F-4B0B-4EDF-8CDB-F424D9D31EA2}.Release|Any CPU.Build.0 = Release|Any CPU
		{417F0342-1E7F-429B-9500-F34AA8D2BBB5}.Debug|Any CPU.ActiveCfg = Debug|Any CPU
		{417F0342-1E7F-429B-9500-F34AA8D2BBB5}.Debug|Any CPU.Build.0 = Debug|Any CPU
		{417F0342-1E7F-429B-9500-F34AA8D2BBB5}.Release|Any CPU.ActiveCfg = Release|Any CPU
		{417F0342-1E7F-429B-9500-F34AA8D2BBB5}.Release|Any CPU.Build.0 = Release|Any CPU
		{06D611BD-A584-476E-9C29-87D2F325D790}.Debug|Any CPU.ActiveCfg = Debug|Any CPU
		{06D611BD-A584-476E-9C29-87D2F325D790}.Debug|Any CPU.Build.0 = Debug|Any CPU
		{06D611BD-A584-476E-9C29-87D2F325D790}.Release|Any CPU.ActiveCfg = Release|Any CPU
		{06D611BD-A584-476E-9C29-87D2F325D790}.Release|Any CPU.Build.0 = Release|Any CPU
		{517424E0-71F8-4825-8B82-00140A89739E}.Debug|Any CPU.ActiveCfg = Debug|Any CPU
		{517424E0-71F8-4825-8B82-00140A89739E}.Debug|Any CPU.Build.0 = Debug|Any CPU
		{517424E0-71F8-4825-8B82-00140A89739E}.Release|Any CPU.ActiveCfg = Release|Any CPU
		{517424E0-71F8-4825-8B82-00140A89739E}.Release|Any CPU.Build.0 = Release|Any CPU
		{BAF7AA04-1CDA-4042-97D9-FF2AEF5313A8}.Debug|Any CPU.ActiveCfg = Debug|Any CPU
		{BAF7AA04-1CDA-4042-97D9-FF2AEF5313A8}.Debug|Any CPU.Build.0 = Debug|Any CPU
		{BAF7AA04-1CDA-4042-97D9-FF2AEF5313A8}.Release|Any CPU.ActiveCfg = Release|Any CPU
		{BAF7AA04-1CDA-4042-97D9-FF2AEF5313A8}.Release|Any CPU.Build.0 = Release|Any CPU
		{C41AD890-E3F2-49A9-B35F-16B415C7F38E}.Debug|Any CPU.ActiveCfg = Debug|Any CPU
		{C41AD890-E3F2-49A9-B35F-16B415C7F38E}.Debug|Any CPU.Build.0 = Debug|Any CPU
		{C41AD890-E3F2-49A9-B35F-16B415C7F38E}.Release|Any CPU.ActiveCfg = Release|Any CPU
		{C41AD890-E3F2-49A9-B35F-16B415C7F38E}.Release|Any CPU.Build.0 = Release|Any CPU
	EndGlobalSection
	GlobalSection(SolutionProperties) = preSolution
		HideSolutionNode = FALSE
	EndGlobalSection
	GlobalSection(NestedProjects) = preSolution
		{F97E12AC-5FF7-4298-8562-3D9CF588F728} = {4D1BD766-8A86-4A70-A6B1-5435344F641F}
		{8BE55841-5F2F-415D-B487-E6AA70AD2326} = {4D1BD766-8A86-4A70-A6B1-5435344F641F}
		{08F4BC65-2BCF-41DC-A3A6-833BFDDB1D9E} = {AA9C8A95-3D7A-4B16-84D2-9B8F35BD0F55}
		{569A5E62-E3A5-4032-82B0-77069681CDC4} = {AA9C8A95-3D7A-4B16-84D2-9B8F35BD0F55}
		{C0F511DF-E8F9-4E7E-B2B8-F3F2D21CF6F3} = {AA9C8A95-3D7A-4B16-84D2-9B8F35BD0F55}
		{8393AC5B-2511-4859-B7A3-CCF5C159BE53} = {AA9C8A95-3D7A-4B16-84D2-9B8F35BD0F55}
		{2A224A57-DEEB-47F4-A56F-7DFCD3748A4E} = {AA9C8A95-3D7A-4B16-84D2-9B8F35BD0F55}
		{D0862DE8-FBFB-4F04-B0BD-8318B489D9C9} = {73153A07-3B97-4E84-A3ED-AD57CC4A3F97}
		{A3D93A5F-2F1B-4600-B091-148232F0F3A9} = {73153A07-3B97-4E84-A3ED-AD57CC4A3F97}
		{B61F9CF0-F04E-4BC0-BDA8-3FF36279DA48} = {0BC19E97-AE73-43EF-88A5-763B5EF4879C}
		{2C5F58BC-F8E1-40D3-9580-EB36FC5D7ABC} = {0BC19E97-AE73-43EF-88A5-763B5EF4879C}
		{EC0E2A81-79C9-4110-ABA6-C167A5FD42C4} = {0BC19E97-AE73-43EF-88A5-763B5EF4879C}
		{8E711FFA-1B5E-4445-9924-54147DD803CF} = {0BC19E97-AE73-43EF-88A5-763B5EF4879C}
		{77149951-A7FD-46CC-9CFF-9F60B6019B57} = {1EDB31FE-AF2F-4B2F-8D7B-9740023E63F9}
		{57B4670A-E528-46DF-8E09-9FB3F1AED8B2} = {1EDB31FE-AF2F-4B2F-8D7B-9740023E63F9}
		{0F768F6B-314C-475F-A1BB-A172C31AD32D} = {1EDB31FE-AF2F-4B2F-8D7B-9740023E63F9}
		{BC227325-8D28-4FC0-8F4D-325A37C797E7} = {1EDB31FE-AF2F-4B2F-8D7B-9740023E63F9}
		{821147B3-748F-4705-8F4C-3B4C6FD96943} = {93B76BBE-7096-44AF-9054-5CFE80FDC6DE}
		{BE705982-FBE8-4552-AB02-CCC7FFA45289} = {93B76BBE-7096-44AF-9054-5CFE80FDC6DE}
		{30688B49-518C-42C7-9FDC-11D754E16A45} = {93B76BBE-7096-44AF-9054-5CFE80FDC6DE}
		{878C4CDC-3EF6-4B1B-9593-704E74F0390D} = {93B76BBE-7096-44AF-9054-5CFE80FDC6DE}
		{810DE14D-FD43-46CE-82DF-D193E97007A2} = {93B76BBE-7096-44AF-9054-5CFE80FDC6DE}
		{56025097-C866-4FAC-AE1B-318D237B677E} = {93B76BBE-7096-44AF-9054-5CFE80FDC6DE}
		{24C8B86A-7CD2-49F8-B080-E70DB8FA64DC} = {93B76BBE-7096-44AF-9054-5CFE80FDC6DE}
		{9F60B46A-E8DA-417B-AC5D-867B93FE015B} = {93B76BBE-7096-44AF-9054-5CFE80FDC6DE}
		{70C00749-C141-4828-AA97-F67B1A9AEE29} = {93B76BBE-7096-44AF-9054-5CFE80FDC6DE}
		{17C8D08F-5068-42F5-968F-F37DD5002B3C} = {93B76BBE-7096-44AF-9054-5CFE80FDC6DE}
		{A5FBFA0D-6C54-4B95-96A4-41ECB79CBC67} = {5F383316-BD56-48A7-83EB-41F1E302A9FC}
		{EAB4F33F-3CAA-4F06-AA7E-636FF6DC6004} = {5F383316-BD56-48A7-83EB-41F1E302A9FC}
		{8F1E8D02-76D4-4E54-8498-91B496E38C2C} = {5F383316-BD56-48A7-83EB-41F1E302A9FC}
		{4CB3E81B-3EB2-41DB-A7CA-3545F2A9F050} = {CF084B37-82C4-45A4-9CDB-79E84B70E219}
		{85A0942D-80D4-4DFB-8493-90FE7A79A278} = {2EF61449-0F30-44E0-8661-CD429532B737}
		{61879F12-9076-4463-9948-867FA7FB8C03} = {EB27C769-9A5A-4D74-A7E6-5832A1819AF8}
		{6D25F384-697B-42D6-BD80-AC31994D0984} = {8A3AEE63-D3FA-4A3D-AE84-E8F113966839}
		{F1DD87BF-E1DC-4037-93DE-9AF93B27A204} = {7F583D56-9065-440F-A490-7221EDDF11DB}
		{B763FD02-D576-4E0B-A67D-10E4FA560C02} = {FCD7999F-9221-4BFE-8FDB-9147CAAADC9E}
		{0A12FC25-A500-4B4A-9E6E-14E475FA73BC} = {23BC5AB0-35AB-452B-80BF-6DB17A7442D7}
		{D60C3B11-1345-41B3-A0C5-BE1ACEDBAA66} = {979AECE0-57E2-47DD-AD83-2CD578E97E1E}
		{F0FAE094-5212-45D1-81DD-525ADF4AE980} = {680C7E1D-FA04-4788-9551-C0AE3011E8D6}
		{9EA9B67F-A99E-4F22-B3D7-E560F34E9CF6} = {76F39FFA-F5E2-480A-938A-CC69BA456BB1}
		{8B33C3FD-71A8-43CC-ABFC-88F9753219A2} = {266D6D16-C307-41E0-BC37-ED2F9C4A8F84}
		{9DBCA350-4AC6-4BA8-A6A3-8D4DAD72305D} = {322E3A0D-4DD4-436E-A202-3CFC1E2FBC96}
		{8DE9EE2F-4B0B-4EDF-8CDB-F424D9D31EA2} = {CF084B37-82C4-45A4-9CDB-79E84B70E219}
		{417F0342-1E7F-429B-9500-F34AA8D2BBB5} = {CF084B37-82C4-45A4-9CDB-79E84B70E219}
		{06D611BD-A584-476E-9C29-87D2F325D790} = {CF084B37-82C4-45A4-9CDB-79E84B70E219}
		{517424E0-71F8-4825-8B82-00140A89739E} = {CF084B37-82C4-45A4-9CDB-79E84B70E219}
		{BAF7AA04-1CDA-4042-97D9-FF2AEF5313A8} = {CF084B37-82C4-45A4-9CDB-79E84B70E219}
		{C41AD890-E3F2-49A9-B35F-16B415C7F38E} = {2EF61449-0F30-44E0-8661-CD429532B737}
	EndGlobalSection
	GlobalSection(ExtensibilityGlobals) = postSolution
		SolutionGuid = {4ACB66D9-89EF-4DE2-9185-4F45289604E6}
	EndGlobalSection
EndGlobal
